// !$*UTF8*$!
{
	archiveVersion = 1;
	classes = {
	};
	objectVersion = 46;
	objects = {

/* Begin PBXBuildFile section */
		430935791F9808CB00510F6F /* AppDelegate.swift in Sources */ = {isa = PBXBuildFile; fileRef = 430935781F9808CB00510F6F /* AppDelegate.swift */; };
		4309357B1F9808CB00510F6F /* MasterViewController.swift in Sources */ = {isa = PBXBuildFile; fileRef = 4309357A1F9808CB00510F6F /* MasterViewController.swift */; };
		4309357D1F9808CB00510F6F /* DetailViewController.swift in Sources */ = {isa = PBXBuildFile; fileRef = 4309357C1F9808CB00510F6F /* DetailViewController.swift */; };
		430935801F9808CB00510F6F /* Main.storyboard in Resources */ = {isa = PBXBuildFile; fileRef = 4309357E1F9808CB00510F6F /* Main.storyboard */; };
		430935821F9808CB00510F6F /* Assets.xcassets in Resources */ = {isa = PBXBuildFile; fileRef = 430935811F9808CB00510F6F /* Assets.xcassets */; };
		430935851F9808CB00510F6F /* LaunchScreen.storyboard in Resources */ = {isa = PBXBuildFile; fileRef = 430935831F9808CB00510F6F /* LaunchScreen.storyboard */; };
/* End PBXBuildFile section */

/* Begin PBXFileReference section */
		430935751F9808CB00510F6F /* MSB-EDirectory.app */ = {isa = PBXFileReference; explicitFileType = wrapper.application; includeInIndex = 0; path = "MSB-EDirectory.app"; sourceTree = BUILT_PRODUCTS_DIR; };
		430935781F9808CB00510F6F /* AppDelegate.swift */ = {isa = PBXFileReference; lastKnownFileType = sourcecode.swift; path = AppDelegate.swift; sourceTree = "<group>"; };
		4309357A1F9808CB00510F6F /* MasterViewController.swift */ = {isa = PBXFileReference; lastKnownFileType = sourcecode.swift; path = MasterViewController.swift; sourceTree = "<group>"; };
		4309357C1F9808CB00510F6F /* DetailViewController.swift */ = {isa = PBXFileReference; lastKnownFileType = sourcecode.swift; path = DetailViewController.swift; sourceTree = "<group>"; };
		4309357F1F9808CB00510F6F /* Base */ = {isa = PBXFileReference; lastKnownFileType = file.storyboard; name = Base; path = Base.lproj/Main.storyboard; sourceTree = "<group>"; };
		430935811F9808CB00510F6F /* Assets.xcassets */ = {isa = PBXFileReference; lastKnownFileType = folder.assetcatalog; path = Assets.xcassets; sourceTree = "<group>"; };
		430935841F9808CB00510F6F /* Base */ = {isa = PBXFileReference; lastKnownFileType = file.storyboard; name = Base; path = Base.lproj/LaunchScreen.storyboard; sourceTree = "<group>"; };
		430935861F9808CB00510F6F /* Info.plist */ = {isa = PBXFileReference; lastKnownFileType = text.plist.xml; path = Info.plist; sourceTree = "<group>"; };
/* End PBXFileReference section */

/* Begin PBXFrameworksBuildPhase section */
		430935721F9808CB00510F6F /* Frameworks */ = {
			isa = PBXFrameworksBuildPhase;
			buildActionMask = 2147483647;
			files = (
			);
			runOnlyForDeploymentPostprocessing = 0;
		};
/* End PBXFrameworksBuildPhase section */

/* Begin PBXGroup section */
		4309356C1F9808CB00510F6F = {
			isa = PBXGroup;
			children = (
				430935771F9808CB00510F6F /* MSB-EDirectory */,
				430935761F9808CB00510F6F /* Products */,
			);
			sourceTree = "<group>";
		};
		430935761F9808CB00510F6F /* Products */ = {
			isa = PBXGroup;
			children = (
				430935751F9808CB00510F6F /* MSB-EDirectory.app */,
			);
			name = Products;
			sourceTree = "<group>";
		};
		430935771F9808CB00510F6F /* MSB-EDirectory */ = {
			isa = PBXGroup;
			children = (
				430935781F9808CB00510F6F /* AppDelegate.swift */,
				4309357A1F9808CB00510F6F /* MasterViewController.swift */,
				4309357C1F9808CB00510F6F /* DetailViewController.swift */,
				4309357E1F9808CB00510F6F /* Main.storyboard */,
				430935811F9808CB00510F6F /* Assets.xcassets */,
				430935831F9808CB00510F6F /* LaunchScreen.storyboard */,
				430935861F9808CB00510F6F /* Info.plist */,
			);
			path = "MSB-EDirectory";
			sourceTree = "<group>";
		};
/* End PBXGroup section */

/* Begin PBXNativeTarget section */
		430935741F9808CB00510F6F /* MSB-EDirectory */ = {
			isa = PBXNativeTarget;
			buildConfigurationList = 430935891F9808CB00510F6F /* Build configuration list for PBXNativeTarget "MSB-EDirectory" */;
			buildPhases = (
				430935711F9808CB00510F6F /* Sources */,
				430935721F9808CB00510F6F /* Frameworks */,
				430935731F9808CB00510F6F /* Resources */,
			);
			buildRules = (
			);
			dependencies = (
			);
			name = "MSB-EDirectory";
			productName = "MSB-EDirectory";
			productReference = 430935751F9808CB00510F6F /* MSB-EDirectory.app */;
			productType = "com.apple.product-type.application";
		};
/* End PBXNativeTarget section */

/* Begin PBXProject section */
		4309356D1F9808CB00510F6F /* Project object */ = {
			isa = PBXProject;
			attributes = {
				LastSwiftUpdateCheck = 0830;
				LastUpgradeCheck = 0830;
				ORGANIZATIONNAME = z1777239;
				TargetAttributes = {
					430935741F9808CB00510F6F = {
						CreatedOnToolsVersion = 8.3.3;
						ProvisioningStyle = Automatic;
					};
				};
			};
			buildConfigurationList = 430935701F9808CB00510F6F /* Build configuration list for PBXProject "MSB-EDirectory" */;
			compatibilityVersion = "Xcode 3.2";
			developmentRegion = English;
			hasScannedForEncodings = 0;
			knownRegions = (
				en,
				Base,
			);
			mainGroup = 4309356C1F9808CB00510F6F;
			productRefGroup = 430935761F9808CB00510F6F /* Products */;
			projectDirPath = "";
			projectRoot = "";
			targets = (
				430935741F9808CB00510F6F /* MSB-EDirectory */,
			);
		};
/* End PBXProject section */

/* Begin PBXResourcesBuildPhase section */
		430935731F9808CB00510F6F /* Resources */ = {
			isa = PBXResourcesBuildPhase;
			buildActionMask = 2147483647;
			files = (
				430935851F9808CB00510F6F /* LaunchScreen.storyboard in Resources */,
				430935821F9808CB00510F6F /* Assets.xcassets in Resources */,
				430935801F9808CB00510F6F /* Main.storyboard in Resources */,
			);
			runOnlyForDeploymentPostprocessing = 0;
		};
/* End PBXResourcesBuildPhase section */

/* Begin PBXSourcesBuildPhase section */
		430935711F9808CB00510F6F /* Sources */ = {
			isa = PBXSourcesBuildPhase;
			buildActionMask = 2147483647;
			files = (
				4309357D1F9808CB00510F6F /* DetailViewController.swift in Sources */,
				4309357B1F9808CB00510F6F /* MasterViewController.swift in Sources */,
				430935791F9808CB00510F6F /* AppDelegate.swift in Sources */,
			);
			runOnlyForDeploymentPostprocessing = 0;
		};
/* End PBXSourcesBuildPhase section */

/* Begin PBXVariantGroup section */
		4309357E1F9808CB00510F6F /* Main.storyboard */ = {
			isa = PBXVariantGroup;
			children = (
				4309357F1F9808CB00510F6F /* Base */,
			);
			name = Main.storyboard;
			sourceTree = "<group>";
		};
		430935831F9808CB00510F6F /* LaunchScreen.storyboard */ = {
			isa = PBXVariantGroup;
			children = (
				430935841F9808CB00510F6F /* Base */,
			);
			name = LaunchScreen.storyboard;
			sourceTree = "<group>";
		};
/* End PBXVariantGroup section */

/* Begin XCBuildConfiguration section */
		430935871F9808CB00510F6F /* Debug */ = {
			isa = XCBuildConfiguration;
			buildSettings = {
				ALWAYS_SEARCH_USER_PATHS = NO;
				CLANG_ANALYZER_NONNULL = YES;
				CLANG_ANALYZER_NUMBER_OBJECT_CONVERSION = YES_AGGRESSIVE;
				CLANG_CXX_LANGUAGE_STANDARD = "gnu++0x";
				CLANG_CXX_LIBRARY = "libc++";
				CLANG_ENABLE_MODULES = YES;
				CLANG_ENABLE_OBJC_ARC = YES;
				CLANG_WARN_BOOL_CONVERSION = YES;
				CLANG_WARN_CONSTANT_CONVERSION = YES;
				CLANG_WARN_DIRECT_OBJC_ISA_USAGE = YES_ERROR;
				CLANG_WARN_DOCUMENTATION_COMMENTS = YES;
				CLANG_WARN_EMPTY_BODY = YES;
				CLANG_WARN_ENUM_CONVERSION = YES;
				CLANG_WARN_INFINITE_RECURSION = YES;
				CLANG_WARN_INT_CONVERSION = YES;
				CLANG_WARN_OBJC_ROOT_CLASS = YES_ERROR;
				CLANG_WARN_SUSPICIOUS_MOVE = YES;
				CLANG_WARN_UNREACHABLE_CODE = YES;
				CLANG_WARN__DUPLICATE_METHOD_MATCH = YES;
				"CODE_SIGN_IDENTITY[sdk=iphoneos*]" = "iPhone Developer";
				COPY_PHASE_STRIP = NO;
				DEBUG_INFORMATION_FORMAT = dwarf;
				ENABLE_STRICT_OBJC_MSGSEND = YES;
				ENABLE_TESTABILITY = YES;
				GCC_C_LANGUAGE_STANDARD = gnu99;
				GCC_DYNAMIC_NO_PIC = NO;
				GCC_NO_COMMON_BLOCKS = YES;
				GCC_OPTIMIZATION_LEVEL = 0;
				GCC_PREPROCESSOR_DEFINITIONS = (
					"DEBUG=1",
					"$(inherited)",
				);
				GCC_WARN_64_TO_32_BIT_CONVERSION = YES;
				GCC_WARN_ABOUT_RETURN_TYPE = YES_ERROR;
				GCC_WARN_UNDECLARED_SELECTOR = YES;
				GCC_WARN_UNINITIALIZED_AUTOS = YES_AGGRESSIVE;
				GCC_WARN_UNUSED_FUNCTION = YES;
				GCC_WARN_UNUSED_VARIABLE = YES;
				IPHONEOS_DEPLOYMENT_TARGET = 10.3;
				MTL_ENABLE_DEBUG_INFO = YES;
				ONLY_ACTIVE_ARCH = YES;
				SDKROOT = iphoneos;
				SWIFT_ACTIVE_COMPILATION_CONDITIONS = DEBUG;
				SWIFT_OPTIMIZATION_LEVEL = "-Onone";
			};
			name = Debug;
		};
		430935881F9808CB00510F6F /* Release */ = {
			isa = XCBuildConfiguration;
			buildSettings = {
				ALWAYS_SEARCH_USER_PATHS = NO;
				CLANG_ANALYZER_NONNULL = YES;
				CLANG_ANALYZER_NUMBER_OBJECT_CONVERSION = YES_AGGRESSIVE;
				CLANG_CXX_LANGUAGE_STANDARD = "gnu++0x";
				CLANG_CXX_LIBRARY = "libc++";
				CLANG_ENABLE_MODULES = YES;
				CLANG_ENABLE_OBJC_ARC = YES;
				CLANG_WARN_BOOL_CONVERSION = YES;
				CLANG_WARN_CONSTANT_CONVERSION = YES;
				CLANG_WARN_DIRECT_OBJC_ISA_USAGE = YES_ERROR;
				CLANG_WARN_DOCUMENTATION_COMMENTS = YES;
				CLANG_WARN_EMPTY_BODY = YES;
				CLANG_WARN_ENUM_CONVERSION = YES;
				CLANG_WARN_INFINITE_RECURSION = YES;
				CLANG_WARN_INT_CONVERSION = YES;
				CLANG_WARN_OBJC_ROOT_CLASS = YES_ERROR;
				CLANG_WARN_SUSPICIOUS_MOVE = YES;
				CLANG_WARN_UNREACHABLE_CODE = YES;
				CLANG_WARN__DUPLICATE_METHOD_MATCH = YES;
				"CODE_SIGN_IDENTITY[sdk=iphoneos*]" = "iPhone Developer";
				COPY_PHASE_STRIP = NO;
				DEBUG_INFORMATION_FORMAT = "dwarf-with-dsym";
				ENABLE_NS_ASSERTIONS = NO;
				ENABLE_STRICT_OBJC_MSGSEND = YES;
				GCC_C_LANGUAGE_STANDARD = gnu99;
				GCC_NO_COMMON_BLOCKS = YES;
				GCC_WARN_64_TO_32_BIT_CONVERSION = YES;
				GCC_WARN_ABOUT_RETURN_TYPE = YES_ERROR;
				GCC_WARN_UNDECLARED_SELECTOR = YES;
				GCC_WARN_UNINITIALIZED_AUTOS = YES_AGGRESSIVE;
				GCC_WARN_UNUSED_FUNCTION = YES;
				GCC_WARN_UNUSED_VARIABLE = YES;
				IPHONEOS_DEPLOYMENT_TARGET = 10.3;
				MTL_ENABLE_DEBUG_INFO = NO;
				SDKROOT = iphoneos;
				SWIFT_OPTIMIZATION_LEVEL = "-Owholemodule";
				VALIDATE_PRODUCT = YES;
			};
			name = Release;
		};
		4309358A1F9808CB00510F6F /* Debug */ = {
			isa = XCBuildConfiguration;
			buildSettings = {
				ASSETCATALOG_COMPILER_APPICON_NAME = AppIcon;
				INFOPLIST_FILE = "MSB-EDirectory/Info.plist";
				LD_RUNPATH_SEARCH_PATHS = "$(inherited) @executable_path/Frameworks";
				PRODUCT_BUNDLE_IDENTIFIER = "edu.niu-z1777239.MSB-EDirectory";
				PRODUCT_NAME = "$(TARGET_NAME)";
				SWIFT_VERSION = 3.0;
			};
			name = Debug;
		};
		4309358B1F9808CB00510F6F /* Release */ = {
			isa = XCBuildConfiguration;
			buildSettings = {
				ASSETCATALOG_COMPILER_APPICON_NAME = AppIcon;
				INFOPLIST_FILE = "MSB-EDirectory/Info.plist";
				LD_RUNPATH_SEARCH_PATHS = "$(inherited) @executable_path/Frameworks";
				PRODUCT_BUNDLE_IDENTIFIER = "edu.niu-z1777239.MSB-EDirectory";
				PRODUCT_NAME = "$(TARGET_NAME)";
				SWIFT_VERSION = 3.0;
			};
			name = Release;
		};
/* End XCBuildConfiguration section */

/* Begin XCConfigurationList section */
		430935701F9808CB00510F6F /* Build configuration list for PBXProject "MSB-EDirectory" */ = {
			isa = XCConfigurationList;
			buildConfigurations = (
				430935871F9808CB00510F6F /* Debug */,
				430935881F9808CB00510F6F /* Release */,
			);
			defaultConfigurationIsVisible = 0;
			defaultConfigurationName = Release;
		};
		430935891F9808CB00510F6F /* Build configuration list for PBXNativeTarget "MSB-EDirectory" */ = {
			isa = XCConfigurationList;
			buildConfigurations = (
				4309358A1F9808CB00510F6F /* Debug */,
				4309358B1F9808CB00510F6F /* Release */,
			);
			defaultConfigurationIsVisible = 0;
		};
/* End XCConfigurationList section */
	};
	rootObject = 4309356D1F9808CB00510F6F /* Project object */;
}
